
Microsoft Visual Studio Solution File, Format Version 12.00
Project("{FAE04EC0-301F-11D3-BF4B-00C04F79EFBC}") = "Movies", "Movies\Movies.csproj", "{F2B4461D-BE86-449A-A165-6E04B869BFD5}"
EndProject
Project("{FAE04EC0-301F-11D3-BF4B-00C04F79EFBC}") = "Specification", "Specification\Specification.csproj", "{C9D40537-08F5-425A-B235-E2E2818BDCC4}"
EndProject
Project("{FAE04EC0-301F-11D3-BF4B-00C04F79EFBC}") = "Movies.Tests", "Movies.Tests\Movies.Tests.csproj", "{5B71B9B3-9C69-416F-B068-F37CFA03868C}"
EndProject
Global
	GlobalSection(SolutionConfigurationPlatforms) = preSolution
		Debug|Any CPU = Debug|Any CPU
		Release|Any CPU = Release|Any CPU
	EndGlobalSection
	GlobalSection(ProjectConfigurationPlatforms) = postSolution
		{F2B4461D-BE86-449A-A165-6E04B869BFD5}.Debug|Any CPU.ActiveCfg = Debug|Any CPU
		{F2B4461D-BE86-449A-A165-6E04B869BFD5}.Debug|Any CPU.Build.0 = Debug|Any CPU
		{F2B4461D-BE86-449A-A165-6E04B869BFD5}.Release|Any CPU.ActiveCfg = Release|Any CPU
		{F2B4461D-BE86-449A-A165-6E04B869BFD5}.Release|Any CPU.Build.0 = Release|Any CPU
		{C9D40537-08F5-425A-B235-E2E2818BDCC4}.Debug|Any CPU.ActiveCfg = Debug|Any CPU
		{C9D40537-08F5-425A-B235-E2E2818BDCC4}.Debug|Any CPU.Build.0 = Debug|Any CPU
		{C9D40537-08F5-425A-B235-E2E2818BDCC4}.Release|Any CPU.ActiveCfg = Release|Any CPU
		{C9D40537-08F5-425A-B235-E2E2818BDCC4}.Release|Any CPU.Build.0 = Release|Any CPU
		{5B71B9B3-9C69-416F-B068-F37CFA03868C}.Debug|Any CPU.ActiveCfg = Debug|Any CPU
		{5B71B9B3-9C69-416F-B068-F37CFA03868C}.Debug|Any CPU.Build.0 = Debug|Any CPU
		{5B71B9B3-9C69-416F-B068-F37CFA03868C}.Release|Any CPU.ActiveCfg = Release|Any CPU
		{5B71B9B3-9C69-416F-B068-F37CFA03868C}.Release|Any CPU.Build.0 = Release|Any CPU
	EndGlobalSection
EndGlobal
