
Microsoft Visual Studio Solution File, Format Version 12.00
Project("{FAE04EC0-301F-11D3-BF4B-00C04F79EFBC}") = "OptionAndTryByExample", "OptionAndTryByExample.csproj", "{5DDC67A6-E2C3-4881-8CE2-5A071D21B635}"
EndProject
Project("{2150E333-8FDC-42A3-9474-1A3956D46DE8}") = "docs", "docs", "{B337DD88-73FA-4767-A905-D8E468F5CB35}"
	ProjectSection(SolutionItems) = preProject
		..\Facilitation.md = ..\Facilitation.md
		..\step-by-step.md = ..\step-by-step.md
	EndProjectSection
EndProject
Global
	GlobalSection(SolutionConfigurationPlatforms) = preSolution
		Debug|Any CPU = Debug|Any CPU
		Release|Any CPU = Release|Any CPU
	EndGlobalSection
	GlobalSection(ProjectConfigurationPlatforms) = postSolution
		{5DDC67A6-E2C3-4881-8CE2-5A071D21B635}.Debug|Any CPU.ActiveCfg = Debug|Any CPU
		{5DDC67A6-E2C3-4881-8CE2-5A071D21B635}.Debug|Any CPU.Build.0 = Debug|Any CPU
		{5DDC67A6-E2C3-4881-8CE2-5A071D21B635}.Release|Any CPU.ActiveCfg = Release|Any CPU
		{5DDC67A6-E2C3-4881-8CE2-5A071D21B635}.Release|Any CPU.Build.0 = Release|Any CPU
	EndGlobalSection
EndGlobal
