
Microsoft Visual Studio Solution File, Format Version 12.00
Project("{FAE04EC0-301F-11D3-BF4B-00C04F79EFBC}") = "Dive.Domain", "Dive.Domain\Dive.Domain.csproj", "{0E9EBF33-F6B9-4FC0-AA6A-DBDD26C0D399}"
EndProject
Project("{FAE04EC0-301F-11D3-BF4B-00C04F79EFBC}") = "Dive.Domain.Tests", "Dive.Domain.Tests\Dive.Domain.Tests.csproj", "{F1236A71-CE27-45F6-BC18-8083F84347B2}"
EndProject
Global
	GlobalSection(SolutionConfigurationPlatforms) = preSolution
		Debug|Any CPU = Debug|Any CPU
		Release|Any CPU = Release|Any CPU
	EndGlobalSection
	GlobalSection(ProjectConfigurationPlatforms) = postSolution
		{0E9EBF33-F6B9-4FC0-AA6A-DBDD26C0D399}.Debug|Any CPU.ActiveCfg = Debug|Any CPU
		{0E9EBF33-F6B9-4FC0-AA6A-DBDD26C0D399}.Debug|Any CPU.Build.0 = Debug|Any CPU
		{0E9EBF33-F6B9-4FC0-AA6A-DBDD26C0D399}.Release|Any CPU.ActiveCfg = Release|Any CPU
		{0E9EBF33-F6B9-4FC0-AA6A-DBDD26C0D399}.Release|Any CPU.Build.0 = Release|Any CPU
		{F1236A71-CE27-45F6-BC18-8083F84347B2}.Debug|Any CPU.ActiveCfg = Debug|Any CPU
		{F1236A71-CE27-45F6-BC18-8083F84347B2}.Debug|Any CPU.Build.0 = Debug|Any CPU
		{F1236A71-CE27-45F6-BC18-8083F84347B2}.Release|Any CPU.ActiveCfg = Release|Any CPU
		{F1236A71-CE27-45F6-BC18-8083F84347B2}.Release|Any CPU.Build.0 = Release|Any CPU
	EndGlobalSection
	GlobalSection(NestedProjects) = preSolution
	EndGlobalSection
EndGlobal
