
Microsoft Visual Studio Solution File, Format Version 12.00
Project("{FAE04EC0-301F-11D3-BF4B-00C04F79EFBC}") = "TestDoubles", "TestDoubles.csproj", "{6E5F7BE7-F5F6-4D4D-8408-78D23D0EA064}"
EndProject
Project("{2150E333-8FDC-42A3-9474-1A3956D46DE8}") = "Docs", "Docs", "{754A9437-D57E-489D-BCAC-BBE3C321574A}"
	ProjectSection(SolutionItems) = preProject
		..\Facilitation.md = ..\Facilitation.md
		..\step-by-step.md = ..\step-by-step.md
	EndProjectSection
EndProject
Global
	GlobalSection(SolutionConfigurationPlatforms) = preSolution
		Debug|Any CPU = Debug|Any CPU
		Release|Any CPU = Release|Any CPU
	EndGlobalSection
	GlobalSection(ProjectConfigurationPlatforms) = postSolution
		{6E5F7BE7-F5F6-4D4D-8408-78D23D0EA064}.Debug|Any CPU.ActiveCfg = Debug|Any CPU
		{6E5F7BE7-F5F6-4D4D-8408-78D23D0EA064}.Debug|Any CPU.Build.0 = Debug|Any CPU
		{6E5F7BE7-F5F6-4D4D-8408-78D23D0EA064}.Release|Any CPU.ActiveCfg = Release|Any CPU
		{6E5F7BE7-F5F6-4D4D-8408-78D23D0EA064}.Release|Any CPU.Build.0 = Release|Any CPU
	EndGlobalSection
EndGlobal
