
Microsoft Visual Studio Solution File, Format Version 12.00
Project("{FAE04EC0-301F-11D3-BF4B-00C04F79EFBC}") = "RealLifeExample", "RealLifeExample\RealLifeExample.csproj", "{C16034B4-E05D-499E-881D-A2FF70D3D41B}"
EndProject
Project("{FAE04EC0-301F-11D3-BF4B-00C04F79EFBC}") = "RealLifeExample.Tests", "RealLifeExample.Tests\RealLifeExample.Tests.csproj", "{67B0E67E-A4A4-495E-86BE-77A853FCDE82}"
EndProject
Project("{2150E333-8FDC-42A3-9474-1A3956D46DE8}") = "docs", "docs", "{3413EAED-8DDE-4804-8703-9BA84C728D48}"
	ProjectSection(SolutionItems) = preProject
		..\Facilitation.md = ..\Facilitation.md
		..\step-by-step.md = ..\step-by-step.md
	EndProjectSection
EndProject
Global
	GlobalSection(SolutionConfigurationPlatforms) = preSolution
		Debug|Any CPU = Debug|Any CPU
		Release|Any CPU = Release|Any CPU
	EndGlobalSection
	GlobalSection(ProjectConfigurationPlatforms) = postSolution
		{C16034B4-E05D-499E-881D-A2FF70D3D41B}.Debug|Any CPU.ActiveCfg = Debug|Any CPU
		{C16034B4-E05D-499E-881D-A2FF70D3D41B}.Debug|Any CPU.Build.0 = Debug|Any CPU
		{C16034B4-E05D-499E-881D-A2FF70D3D41B}.Release|Any CPU.ActiveCfg = Release|Any CPU
		{C16034B4-E05D-499E-881D-A2FF70D3D41B}.Release|Any CPU.Build.0 = Release|Any CPU
		{67B0E67E-A4A4-495E-86BE-77A853FCDE82}.Debug|Any CPU.ActiveCfg = Debug|Any CPU
		{67B0E67E-A4A4-495E-86BE-77A853FCDE82}.Debug|Any CPU.Build.0 = Debug|Any CPU
		{67B0E67E-A4A4-495E-86BE-77A853FCDE82}.Release|Any CPU.ActiveCfg = Release|Any CPU
		{67B0E67E-A4A4-495E-86BE-77A853FCDE82}.Release|Any CPU.Build.0 = Release|Any CPU
	EndGlobalSection
EndGlobal
